
Microsoft Visual Studio Solution File, Format Version 12.00
# Visual Studio Version 17
VisualStudioVersion = 17.7.34031.279
MinimumVisualStudioVersion = 10.0.40219.1
Project("{FAE04EC0-301F-11D3-BF4B-00C04F79EFBC}") = "Kassa2024", "Kassa2024\Kassa2024.csproj", "{D67749E0-5332-4638-8B2C-8EFE74954EA8}"
EndProject
Global
	GlobalSection(SolutionConfigurationPlatforms) = preSolution
		Debug|Any CPU = Debug|Any CPU
		Release|Any CPU = Release|Any CPU
	EndGlobalSection
	GlobalSection(ProjectConfigurationPlatforms) = postSolution
		{D67749E0-5332-4638-8B2C-8EFE74954EA8}.Debug|Any CPU.ActiveCfg = Debug|Any CPU
		{D67749E0-5332-4638-8B2C-8EFE74954EA8}.Debug|Any CPU.Build.0 = Debug|Any CPU
		{D67749E0-5332-4638-8B2C-8EFE74954EA8}.Release|Any CPU.ActiveCfg = Release|Any CPU
		{D67749E0-5332-4638-8B2C-8EFE74954EA8}.Release|Any CPU.Build.0 = Release|Any CPU
	EndGlobalSection
	GlobalSection(SolutionProperties) = preSolution
		HideSolutionNode = FALSE
	EndGlobalSection
	GlobalSection(ExtensibilityGlobals) = postSolution
		SolutionGuid = {377B963C-4ABE-49FB-BDB6-2CBA89E0CD21}
	EndGlobalSection
EndGlobal
